
Microsoft Visual Studio Solution File, Format Version 12.00
# Visual Studio Version 17
VisualStudioVersion = 17.12.35707.178 d17.12
MinimumVisualStudioVersion = 10.0.40219.1
Project("{FAE04EC0-301F-11D3-BF4B-00C04F79EFBC}") = "eCommerceExample", "eCommerceExample.csproj", "{0A8AB494-63E6-421B-AAB0-E1F5C1E0437F}"
EndProject
Project("{FAE04EC0-301F-11D3-BF4B-00C04F79EFBC}") = "eCommerceExample.EF", "..\eCommerceExample.EF\eCommerceExample.EF.csproj", "{F866B7CB-E514-4B3F-97CD-A05C277A12F1}"
EndProject
Project("{FAE04EC0-301F-11D3-BF4B-00C04F79EFBC}") = "eCommerceExample.Library", "..\eCommerceExample.Library\eCommerceExample.Library.csproj", "{C74CEF85-FE50-421C-9A05-B494C3956706}"
EndProject
Project("{FAE04EC0-301F-11D3-BF4B-00C04F79EFBC}") = "eCommerceExample.Repository", "..\eCommerceExample.Repository\eCommerceExample.Repository.csproj", "{AC0D4C52-0738-4FF0-9551-A5B1D58FE989}"
EndProject
Global
	GlobalSection(SolutionConfigurationPlatforms) = preSolution
		Debug|Any CPU = Debug|Any CPU
		Release|Any CPU = Release|Any CPU
	EndGlobalSection
	GlobalSection(ProjectConfigurationPlatforms) = postSolution
		{0A8AB494-63E6-421B-AAB0-E1F5C1E0437F}.Debug|Any CPU.ActiveCfg = Debug|Any CPU
		{0A8AB494-63E6-421B-AAB0-E1F5C1E0437F}.Debug|Any CPU.Build.0 = Debug|Any CPU
		{0A8AB494-63E6-421B-AAB0-E1F5C1E0437F}.Release|Any CPU.ActiveCfg = Release|Any CPU
		{0A8AB494-63E6-421B-AAB0-E1F5C1E0437F}.Release|Any CPU.Build.0 = Release|Any CPU
		{F866B7CB-E514-4B3F-97CD-A05C277A12F1}.Debug|Any CPU.ActiveCfg = Debug|Any CPU
		{F866B7CB-E514-4B3F-97CD-A05C277A12F1}.Debug|Any CPU.Build.0 = Debug|Any CPU
		{F866B7CB-E514-4B3F-97CD-A05C277A12F1}.Release|Any CPU.ActiveCfg = Release|Any CPU
		{F866B7CB-E514-4B3F-97CD-A05C277A12F1}.Release|Any CPU.Build.0 = Release|Any CPU
		{C74CEF85-FE50-421C-9A05-B494C3956706}.Debug|Any CPU.ActiveCfg = Debug|Any CPU
		{C74CEF85-FE50-421C-9A05-B494C3956706}.Debug|Any CPU.Build.0 = Debug|Any CPU
		{C74CEF85-FE50-421C-9A05-B494C3956706}.Release|Any CPU.ActiveCfg = Release|Any CPU
		{C74CEF85-FE50-421C-9A05-B494C3956706}.Release|Any CPU.Build.0 = Release|Any CPU
		{AC0D4C52-0738-4FF0-9551-A5B1D58FE989}.Debug|Any CPU.ActiveCfg = Debug|Any CPU
		{AC0D4C52-0738-4FF0-9551-A5B1D58FE989}.Debug|Any CPU.Build.0 = Debug|Any CPU
		{AC0D4C52-0738-4FF0-9551-A5B1D58FE989}.Release|Any CPU.ActiveCfg = Release|Any CPU
		{AC0D4C52-0738-4FF0-9551-A5B1D58FE989}.Release|Any CPU.Build.0 = Release|Any CPU
	EndGlobalSection
	GlobalSection(SolutionProperties) = preSolution
		HideSolutionNode = FALSE
	EndGlobalSection
EndGlobal
